// !$*UTF8*$!
{
	archiveVersion = 1;
	classes = {
	};
	objectVersion = 55;
	objects = {

/* Begin PBXBuildFile section */
		F22E00FD2801B26000EAA82C /* Torrent.swift in Sources */ = {isa = PBXBuildFile; fileRef = F22E00FC2801B26000EAA82C /* Torrent.swift */; };
		F236A8C728080BE0003A9728 /* LoginInfo.swift in Sources */ = {isa = PBXBuildFile; fileRef = F236A8C628080BE0003A9728 /* LoginInfo.swift */; };
		F28E2B63280522720033BCED /* Data+String.swift in Sources */ = {isa = PBXBuildFile; fileRef = F28E2B62280522720033BCED /* Data+String.swift */; };
		F28E2B65280543CF0033BCED /* File.swift in Sources */ = {isa = PBXBuildFile; fileRef = F28E2B64280543CF0033BCED /* File.swift */; };
		F28E2B6728054C9E0033BCED /* UserInputView.swift in Sources */ = {isa = PBXBuildFile; fileRef = F28E2B6628054C9E0033BCED /* UserInputView.swift */; };
		F292A10D28042F6100DEDBDA /* Sequence+Sort.swift in Sources */ = {isa = PBXBuildFile; fileRef = F292A10C28042F6100DEDBDA /* Sequence+Sort.swift */; };
		F2B954C327FDCEBC00173D7C /* SwiftTorrentApp.swift in Sources */ = {isa = PBXBuildFile; fileRef = F2B954C227FDCEBC00173D7C /* SwiftTorrentApp.swift */; };
		F2B954C527FDCEBC00173D7C /* LoginView.swift in Sources */ = {isa = PBXBuildFile; fileRef = F2B954C427FDCEBC00173D7C /* LoginView.swift */; };
		F2B954C727FDCEBD00173D7C /* Assets.xcassets in Resources */ = {isa = PBXBuildFile; fileRef = F2B954C627FDCEBD00173D7C /* Assets.xcassets */; };
		F2B954CA27FDCEBD00173D7C /* Preview Assets.xcassets in Resources */ = {isa = PBXBuildFile; fileRef = F2B954C927FDCEBD00173D7C /* Preview Assets.xcassets */; };
		F2B954D127FDCFCC00173D7C /* QBFetcher.swift in Sources */ = {isa = PBXBuildFile; fileRef = F2B954D027FDCFCC00173D7C /* QBFetcher.swift */; };
		F2B954D327FDEA8300173D7C /* Parsing.swift in Sources */ = {isa = PBXBuildFile; fileRef = F2B954D227FDEA8300173D7C /* Parsing.swift */; };
		F2B954D527FEAAEA00173D7C /* TorrentManager.swift in Sources */ = {isa = PBXBuildFile; fileRef = F2B954D427FEAAEA00173D7C /* TorrentManager.swift */; };
		F2B954D727FEB2DC00173D7C /* QBTorrent.swift in Sources */ = {isa = PBXBuildFile; fileRef = F2B954D627FEB2DC00173D7C /* QBTorrent.swift */; };
		F2B954D927FEB4DE00173D7C /* TorrentFetchProtocol.swift in Sources */ = {isa = PBXBuildFile; fileRef = F2B954D827FEB4DE00173D7C /* TorrentFetchProtocol.swift */; };
		F2B954E127FEF64500173D7C /* TorrentList.swift in Sources */ = {isa = PBXBuildFile; fileRef = F2B954E027FEF64500173D7C /* TorrentList.swift */; };
		F2B954E327FEF8DB00173D7C /* TorrentRow.swift in Sources */ = {isa = PBXBuildFile; fileRef = F2B954E227FEF8DB00173D7C /* TorrentRow.swift */; };
		F2B954E527FEF94000173D7C /* torrentList.json in Sources */ = {isa = PBXBuildFile; fileRef = F2B954E427FEF94000173D7C /* torrentList.json */; };
		F2B954E727FEFBDB00173D7C /* Samples.swift in Sources */ = {isa = PBXBuildFile; fileRef = F2B954E627FEFBDB00173D7C /* Samples.swift */; };
		F2ED79AA2800435B008B7B1E /* Int+ByteFormatter.swift in Sources */ = {isa = PBXBuildFile; fileRef = F2ED79A92800435B008B7B1E /* Int+ByteFormatter.swift */; };
/* End PBXBuildFile section */

/* Begin PBXFileReference section */
		F22E00FC2801B26000EAA82C /* Torrent.swift */ = {isa = PBXFileReference; lastKnownFileType = sourcecode.swift; path = Torrent.swift; sourceTree = "<group>"; };
		F236A8C628080BE0003A9728 /* LoginInfo.swift */ = {isa = PBXFileReference; lastKnownFileType = sourcecode.swift; path = LoginInfo.swift; sourceTree = "<group>"; };
		F28E2B62280522720033BCED /* Data+String.swift */ = {isa = PBXFileReference; lastKnownFileType = sourcecode.swift; path = "Data+String.swift"; sourceTree = "<group>"; };
		F28E2B64280543CF0033BCED /* File.swift */ = {isa = PBXFileReference; lastKnownFileType = sourcecode.swift; path = File.swift; sourceTree = "<group>"; };
		F28E2B6628054C9E0033BCED /* UserInputView.swift */ = {isa = PBXFileReference; lastKnownFileType = sourcecode.swift; path = UserInputView.swift; sourceTree = "<group>"; };
		F28E2B6B28058ED00033BCED /* Info.plist */ = {isa = PBXFileReference; lastKnownFileType = text.plist.xml; path = Info.plist; sourceTree = "<group>"; };
		F292A10C28042F6100DEDBDA /* Sequence+Sort.swift */ = {isa = PBXFileReference; lastKnownFileType = sourcecode.swift; path = "Sequence+Sort.swift"; sourceTree = "<group>"; };
		F2B954BF27FDCEBC00173D7C /* SwiftTorrent.app */ = {isa = PBXFileReference; explicitFileType = wrapper.application; includeInIndex = 0; path = SwiftTorrent.app; sourceTree = BUILT_PRODUCTS_DIR; };
		F2B954C227FDCEBC00173D7C /* SwiftTorrentApp.swift */ = {isa = PBXFileReference; lastKnownFileType = sourcecode.swift; path = SwiftTorrentApp.swift; sourceTree = "<group>"; };
		F2B954C427FDCEBC00173D7C /* LoginView.swift */ = {isa = PBXFileReference; lastKnownFileType = sourcecode.swift; path = LoginView.swift; sourceTree = "<group>"; };
		F2B954C627FDCEBD00173D7C /* Assets.xcassets */ = {isa = PBXFileReference; lastKnownFileType = folder.assetcatalog; path = Assets.xcassets; sourceTree = "<group>"; };
		F2B954C927FDCEBD00173D7C /* Preview Assets.xcassets */ = {isa = PBXFileReference; lastKnownFileType = folder.assetcatalog; path = "Preview Assets.xcassets"; sourceTree = "<group>"; };
		F2B954D027FDCFCC00173D7C /* QBFetcher.swift */ = {isa = PBXFileReference; lastKnownFileType = sourcecode.swift; path = QBFetcher.swift; sourceTree = "<group>"; };
		F2B954D227FDEA8300173D7C /* Parsing.swift */ = {isa = PBXFileReference; lastKnownFileType = sourcecode.swift; path = Parsing.swift; sourceTree = "<group>"; };
		F2B954D427FEAAEA00173D7C /* TorrentManager.swift */ = {isa = PBXFileReference; lastKnownFileType = sourcecode.swift; path = TorrentManager.swift; sourceTree = "<group>"; };
		F2B954D627FEB2DC00173D7C /* QBTorrent.swift */ = {isa = PBXFileReference; lastKnownFileType = sourcecode.swift; path = QBTorrent.swift; sourceTree = "<group>"; };
		F2B954D827FEB4DE00173D7C /* TorrentFetchProtocol.swift */ = {isa = PBXFileReference; lastKnownFileType = sourcecode.swift; path = TorrentFetchProtocol.swift; sourceTree = "<group>"; };
		F2B954E027FEF64500173D7C /* TorrentList.swift */ = {isa = PBXFileReference; lastKnownFileType = sourcecode.swift; path = TorrentList.swift; sourceTree = "<group>"; };
		F2B954E227FEF8DB00173D7C /* TorrentRow.swift */ = {isa = PBXFileReference; lastKnownFileType = sourcecode.swift; path = TorrentRow.swift; sourceTree = "<group>"; };
		F2B954E427FEF94000173D7C /* torrentList.json */ = {isa = PBXFileReference; lastKnownFileType = text.json; path = torrentList.json; sourceTree = "<group>"; };
		F2B954E627FEFBDB00173D7C /* Samples.swift */ = {isa = PBXFileReference; lastKnownFileType = sourcecode.swift; path = Samples.swift; sourceTree = "<group>"; };
		F2ED79A92800435B008B7B1E /* Int+ByteFormatter.swift */ = {isa = PBXFileReference; lastKnownFileType = sourcecode.swift; path = "Int+ByteFormatter.swift"; sourceTree = "<group>"; };
/* End PBXFileReference section */

/* Begin PBXFrameworksBuildPhase section */
		F2B954BC27FDCEBC00173D7C /* Frameworks */ = {
			isa = PBXFrameworksBuildPhase;
			buildActionMask = 2147483647;
			files = (
			);
			runOnlyForDeploymentPostprocessing = 0;
		};
/* End PBXFrameworksBuildPhase section */

/* Begin PBXGroup section */
		F2B954B627FDCEBC00173D7C = {
			isa = PBXGroup;
			children = (
				F2B954C127FDCEBC00173D7C /* SwiftTorrent */,
				F2B954C027FDCEBC00173D7C /* Products */,
			);
			sourceTree = "<group>";
		};
		F2B954C027FDCEBC00173D7C /* Products */ = {
			isa = PBXGroup;
			children = (
				F2B954BF27FDCEBC00173D7C /* SwiftTorrent.app */,
			);
			name = Products;
			sourceTree = "<group>";
		};
		F2B954C127FDCEBC00173D7C /* SwiftTorrent */ = {
			isa = PBXGroup;
			children = (
				F28E2B6B28058ED00033BCED /* Info.plist */,
				F2B954C227FDCEBC00173D7C /* SwiftTorrentApp.swift */,
				F2B954DF27FEF61400173D7C /* Views */,
				F2B954D827FEB4DE00173D7C /* TorrentFetchProtocol.swift */,
				F22E00FC2801B26000EAA82C /* Torrent.swift */,
				F236A8C628080BE0003A9728 /* LoginInfo.swift */,
				F2B954D427FEAAEA00173D7C /* TorrentManager.swift */,
				F28E2B64280543CF0033BCED /* File.swift */,
				F2B954DC27FEBFA500173D7C /* QBittorrent */,
				F2B954D227FDEA8300173D7C /* Parsing.swift */,
				F28E2B62280522720033BCED /* Data+String.swift */,
				F2ED79A92800435B008B7B1E /* Int+ByteFormatter.swift */,
				F292A10C28042F6100DEDBDA /* Sequence+Sort.swift */,
				F2B954C627FDCEBD00173D7C /* Assets.xcassets */,
				F2B954C827FDCEBD00173D7C /* Preview Content */,
			);
			path = SwiftTorrent;
			sourceTree = "<group>";
		};
		F2B954C827FDCEBD00173D7C /* Preview Content */ = {
			isa = PBXGroup;
			children = (
				F2B954C927FDCEBD00173D7C /* Preview Assets.xcassets */,
			);
			path = "Preview Content";
			sourceTree = "<group>";
		};
		F2B954DC27FEBFA500173D7C /* QBittorrent */ = {
			isa = PBXGroup;
			children = (
				F2B954D027FDCFCC00173D7C /* QBFetcher.swift */,
				F2B954D627FEB2DC00173D7C /* QBTorrent.swift */,
				F2B954E627FEFBDB00173D7C /* Samples.swift */,
				F2B954E427FEF94000173D7C /* torrentList.json */,
			);
			path = QBittorrent;
			sourceTree = "<group>";
		};
		F2B954DF27FEF61400173D7C /* Views */ = {
			isa = PBXGroup;
			children = (
				F2B954C427FDCEBC00173D7C /* LoginView.swift */,
				F2B954E027FEF64500173D7C /* TorrentList.swift */,
				F28E2B6628054C9E0033BCED /* UserInputView.swift */,
				F2B954E227FEF8DB00173D7C /* TorrentRow.swift */,
			);
			path = Views;
			sourceTree = "<group>";
		};
/* End PBXGroup section */

/* Begin PBXNativeTarget section */
		F2B954BE27FDCEBC00173D7C /* SwiftTorrent */ = {
			isa = PBXNativeTarget;
			buildConfigurationList = F2B954CD27FDCEBD00173D7C /* Build configuration list for PBXNativeTarget "SwiftTorrent" */;
			buildPhases = (
				F2B954BB27FDCEBC00173D7C /* Sources */,
				F2B954BC27FDCEBC00173D7C /* Frameworks */,
				F2B954BD27FDCEBC00173D7C /* Resources */,
			);
			buildRules = (
			);
			dependencies = (
			);
			name = SwiftTorrent;
			productName = SwiftTorrent;
			productReference = F2B954BF27FDCEBC00173D7C /* SwiftTorrent.app */;
			productType = "com.apple.product-type.application";
		};
/* End PBXNativeTarget section */

/* Begin PBXProject section */
		F2B954B727FDCEBC00173D7C /* Project object */ = {
			isa = PBXProject;
			attributes = {
				BuildIndependentTargetsInParallel = 1;
				LastSwiftUpdateCheck = 1330;
				LastUpgradeCheck = 1330;
				TargetAttributes = {
					F2B954BE27FDCEBC00173D7C = {
						CreatedOnToolsVersion = 13.3;
					};
				};
			};
			buildConfigurationList = F2B954BA27FDCEBC00173D7C /* Build configuration list for PBXProject "SwiftTorrent" */;
			compatibilityVersion = "Xcode 13.0";
			developmentRegion = en;
			hasScannedForEncodings = 0;
			knownRegions = (
				en,
				Base,
			);
			mainGroup = F2B954B627FDCEBC00173D7C;
			productRefGroup = F2B954C027FDCEBC00173D7C /* Products */;
			projectDirPath = "";
			projectRoot = "";
			targets = (
				F2B954BE27FDCEBC00173D7C /* SwiftTorrent */,
			);
		};
/* End PBXProject section */

/* Begin PBXResourcesBuildPhase section */
		F2B954BD27FDCEBC00173D7C /* Resources */ = {
			isa = PBXResourcesBuildPhase;
			buildActionMask = 2147483647;
			files = (
				F2B954CA27FDCEBD00173D7C /* Preview Assets.xcassets in Resources */,
				F2B954C727FDCEBD00173D7C /* Assets.xcassets in Resources */,
			);
			runOnlyForDeploymentPostprocessing = 0;
		};
/* End PBXResourcesBuildPhase section */

/* Begin PBXSourcesBuildPhase section */
		F2B954BB27FDCEBC00173D7C /* Sources */ = {
			isa = PBXSourcesBuildPhase;
			buildActionMask = 2147483647;
			files = (
				F2B954D327FDEA8300173D7C /* Parsing.swift in Sources */,
				F2B954D127FDCFCC00173D7C /* QBFetcher.swift in Sources */,
				F22E00FD2801B26000EAA82C /* Torrent.swift in Sources */,
				F2B954E327FEF8DB00173D7C /* TorrentRow.swift in Sources */,
				F292A10D28042F6100DEDBDA /* Sequence+Sort.swift in Sources */,
				F2B954E527FEF94000173D7C /* torrentList.json in Sources */,
				F2B954D727FEB2DC00173D7C /* QBTorrent.swift in Sources */,
				F2B954E727FEFBDB00173D7C /* Samples.swift in Sources */,
				F236A8C728080BE0003A9728 /* LoginInfo.swift in Sources */,
				F28E2B63280522720033BCED /* Data+String.swift in Sources */,
				F2B954C527FDCEBC00173D7C /* LoginView.swift in Sources */,
				F28E2B6728054C9E0033BCED /* UserInputView.swift in Sources */,
				F2B954D927FEB4DE00173D7C /* TorrentFetchProtocol.swift in Sources */,
				F28E2B65280543CF0033BCED /* File.swift in Sources */,
				F2ED79AA2800435B008B7B1E /* Int+ByteFormatter.swift in Sources */,
				F2B954D527FEAAEA00173D7C /* TorrentManager.swift in Sources */,
				F2B954E127FEF64500173D7C /* TorrentList.swift in Sources */,
				F2B954C327FDCEBC00173D7C /* SwiftTorrentApp.swift in Sources */,
			);
			runOnlyForDeploymentPostprocessing = 0;
		};
/* End PBXSourcesBuildPhase section */

/* Begin XCBuildConfiguration section */
		F2B954CB27FDCEBD00173D7C /* Debug */ = {
			isa = XCBuildConfiguration;
			buildSettings = {
				ALWAYS_SEARCH_USER_PATHS = NO;
				CLANG_ANALYZER_NONNULL = YES;
				CLANG_ANALYZER_NUMBER_OBJECT_CONVERSION = YES_AGGRESSIVE;
				CLANG_CXX_LANGUAGE_STANDARD = "gnu++17";
				CLANG_ENABLE_MODULES = YES;
				CLANG_ENABLE_OBJC_ARC = YES;
				CLANG_ENABLE_OBJC_WEAK = YES;
				CLANG_WARN_BLOCK_CAPTURE_AUTORELEASING = YES;
				CLANG_WARN_BOOL_CONVERSION = YES;
				CLANG_WARN_COMMA = YES;
				CLANG_WARN_CONSTANT_CONVERSION = YES;
				CLANG_WARN_DEPRECATED_OBJC_IMPLEMENTATIONS = YES;
				CLANG_WARN_DIRECT_OBJC_ISA_USAGE = YES_ERROR;
				CLANG_WARN_DOCUMENTATION_COMMENTS = YES;
				CLANG_WARN_EMPTY_BODY = YES;
				CLANG_WARN_ENUM_CONVERSION = YES;
				CLANG_WARN_INFINITE_RECURSION = YES;
				CLANG_WARN_INT_CONVERSION = YES;
				CLANG_WARN_NON_LITERAL_NULL_CONVERSION = YES;
				CLANG_WARN_OBJC_IMPLICIT_RETAIN_SELF = YES;
				CLANG_WARN_OBJC_LITERAL_CONVERSION = YES;
				CLANG_WARN_OBJC_ROOT_CLASS = YES_ERROR;
				CLANG_WARN_QUOTED_INCLUDE_IN_FRAMEWORK_HEADER = YES;
				CLANG_WARN_RANGE_LOOP_ANALYSIS = YES;
				CLANG_WARN_STRICT_PROTOTYPES = YES;
				CLANG_WARN_SUSPICIOUS_MOVE = YES;
				CLANG_WARN_UNGUARDED_AVAILABILITY = YES_AGGRESSIVE;
				CLANG_WARN_UNREACHABLE_CODE = YES;
				CLANG_WARN__DUPLICATE_METHOD_MATCH = YES;
				COPY_PHASE_STRIP = NO;
				DEBUG_INFORMATION_FORMAT = dwarf;
				ENABLE_STRICT_OBJC_MSGSEND = YES;
				ENABLE_TESTABILITY = YES;
				GCC_C_LANGUAGE_STANDARD = gnu11;
				GCC_DYNAMIC_NO_PIC = NO;
				GCC_NO_COMMON_BLOCKS = YES;
				GCC_OPTIMIZATION_LEVEL = 0;
				GCC_PREPROCESSOR_DEFINITIONS = (
					"DEBUG=1",
					"$(inherited)",
				);
				GCC_WARN_64_TO_32_BIT_CONVERSION = YES;
				GCC_WARN_ABOUT_RETURN_TYPE = YES_ERROR;
				GCC_WARN_UNDECLARED_SELECTOR = YES;
				GCC_WARN_UNINITIALIZED_AUTOS = YES_AGGRESSIVE;
				GCC_WARN_UNUSED_FUNCTION = YES;
				GCC_WARN_UNUSED_VARIABLE = YES;
				IPHONEOS_DEPLOYMENT_TARGET = 15.4;
				MTL_ENABLE_DEBUG_INFO = INCLUDE_SOURCE;
				MTL_FAST_MATH = YES;
				ONLY_ACTIVE_ARCH = YES;
				SDKROOT = iphoneos;
				SWIFT_ACTIVE_COMPILATION_CONDITIONS = DEBUG;
				SWIFT_OPTIMIZATION_LEVEL = "-Onone";
			};
			name = Debug;
		};
		F2B954CC27FDCEBD00173D7C /* Release */ = {
			isa = XCBuildConfiguration;
			buildSettings = {
				ALWAYS_SEARCH_USER_PATHS = NO;
				CLANG_ANALYZER_NONNULL = YES;
				CLANG_ANALYZER_NUMBER_OBJECT_CONVERSION = YES_AGGRESSIVE;
				CLANG_CXX_LANGUAGE_STANDARD = "gnu++17";
				CLANG_ENABLE_MODULES = YES;
				CLANG_ENABLE_OBJC_ARC = YES;
				CLANG_ENABLE_OBJC_WEAK = YES;
				CLANG_WARN_BLOCK_CAPTURE_AUTORELEASING = YES;
				CLANG_WARN_BOOL_CONVERSION = YES;
				CLANG_WARN_COMMA = YES;
				CLANG_WARN_CONSTANT_CONVERSION = YES;
				CLANG_WARN_DEPRECATED_OBJC_IMPLEMENTATIONS = YES;
				CLANG_WARN_DIRECT_OBJC_ISA_USAGE = YES_ERROR;
				CLANG_WARN_DOCUMENTATION_COMMENTS = YES;
				CLANG_WARN_EMPTY_BODY = YES;
				CLANG_WARN_ENUM_CONVERSION = YES;
				CLANG_WARN_INFINITE_RECURSION = YES;
				CLANG_WARN_INT_CONVERSION = YES;
				CLANG_WARN_NON_LITERAL_NULL_CONVERSION = YES;
				CLANG_WARN_OBJC_IMPLICIT_RETAIN_SELF = YES;
				CLANG_WARN_OBJC_LITERAL_CONVERSION = YES;
				CLANG_WARN_OBJC_ROOT_CLASS = YES_ERROR;
				CLANG_WARN_QUOTED_INCLUDE_IN_FRAMEWORK_HEADER = YES;
				CLANG_WARN_RANGE_LOOP_ANALYSIS = YES;
				CLANG_WARN_STRICT_PROTOTYPES = YES;
				CLANG_WARN_SUSPICIOUS_MOVE = YES;
				CLANG_WARN_UNGUARDED_AVAILABILITY = YES_AGGRESSIVE;
				CLANG_WARN_UNREACHABLE_CODE = YES;
				CLANG_WARN__DUPLICATE_METHOD_MATCH = YES;
				COPY_PHASE_STRIP = NO;
				DEBUG_INFORMATION_FORMAT = "dwarf-with-dsym";
				ENABLE_NS_ASSERTIONS = NO;
				ENABLE_STRICT_OBJC_MSGSEND = YES;
				GCC_C_LANGUAGE_STANDARD = gnu11;
				GCC_NO_COMMON_BLOCKS = YES;
				GCC_WARN_64_TO_32_BIT_CONVERSION = YES;
				GCC_WARN_ABOUT_RETURN_TYPE = YES_ERROR;
				GCC_WARN_UNDECLARED_SELECTOR = YES;
				GCC_WARN_UNINITIALIZED_AUTOS = YES_AGGRESSIVE;
				GCC_WARN_UNUSED_FUNCTION = YES;
				GCC_WARN_UNUSED_VARIABLE = YES;
				IPHONEOS_DEPLOYMENT_TARGET = 15.4;
				MTL_ENABLE_DEBUG_INFO = NO;
				MTL_FAST_MATH = YES;
				SDKROOT = iphoneos;
				SWIFT_COMPILATION_MODE = wholemodule;
				SWIFT_OPTIMIZATION_LEVEL = "-O";
				VALIDATE_PRODUCT = YES;
			};
			name = Release;
		};
		F2B954CE27FDCEBD00173D7C /* Debug */ = {
			isa = XCBuildConfiguration;
			buildSettings = {
				ASSETCATALOG_COMPILER_APPICON_NAME = AppIcon;
				ASSETCATALOG_COMPILER_GLOBAL_ACCENT_COLOR_NAME = AccentColor;
				CODE_SIGN_STYLE = Automatic;
				CURRENT_PROJECT_VERSION = 1;
				DEVELOPMENT_ASSET_PATHS = "\"SwiftTorrent/Preview Content\"";
				DEVELOPMENT_TEAM = 54QJQV3G77;
				ENABLE_PREVIEWS = YES;
				GENERATE_INFOPLIST_FILE = YES;
				INFOPLIST_FILE = SwiftTorrent/Info.plist;
				INFOPLIST_KEY_UIApplicationSceneManifest_Generation = YES;
				INFOPLIST_KEY_UIApplicationSupportsIndirectInputEvents = YES;
				INFOPLIST_KEY_UILaunchScreen_Generation = YES;
				INFOPLIST_KEY_UISupportedInterfaceOrientations_iPad = "UIInterfaceOrientationPortrait UIInterfaceOrientationPortraitUpsideDown UIInterfaceOrientationLandscapeLeft UIInterfaceOrientationLandscapeRight";
				INFOPLIST_KEY_UISupportedInterfaceOrientations_iPhone = "UIInterfaceOrientationPortrait UIInterfaceOrientationLandscapeLeft UIInterfaceOrientationLandscapeRight";
				LD_RUNPATH_SEARCH_PATHS = (
					"$(inherited)",
					"@executable_path/Frameworks",
				);
				MARKETING_VERSION = 1.0;
				PRODUCT_BUNDLE_IDENTIFIER = com.jazzhallabong.SwiftTorrent;
				PRODUCT_NAME = "$(TARGET_NAME)";
				SWIFT_EMIT_LOC_STRINGS = YES;
				SWIFT_VERSION = 5.0;
				TARGETED_DEVICE_FAMILY = "1,2";
			};
			name = Debug;
		};
		F2B954CF27FDCEBD00173D7C /* Release */ = {
			isa = XCBuildConfiguration;
			buildSettings = {
				ASSETCATALOG_COMPILER_APPICON_NAME = AppIcon;
				ASSETCATALOG_COMPILER_GLOBAL_ACCENT_COLOR_NAME = AccentColor;
				CODE_SIGN_STYLE = Automatic;
				CURRENT_PROJECT_VERSION = 1;
				DEVELOPMENT_ASSET_PATHS = "\"SwiftTorrent/Preview Content\"";
				DEVELOPMENT_TEAM = 54QJQV3G77;
				ENABLE_PREVIEWS = YES;
				GENERATE_INFOPLIST_FILE = YES;
				INFOPLIST_FILE = SwiftTorrent/Info.plist;
				INFOPLIST_KEY_UIApplicationSceneManifest_Generation = YES;
				INFOPLIST_KEY_UIApplicationSupportsIndirectInputEvents = YES;
				INFOPLIST_KEY_UILaunchScreen_Generation = YES;
				INFOPLIST_KEY_UISupportedInterfaceOrientations_iPad = "UIInterfaceOrientationPortrait UIInterfaceOrientationPortraitUpsideDown UIInterfaceOrientationLandscapeLeft UIInterfaceOrientationLandscapeRight";
				INFOPLIST_KEY_UISupportedInterfaceOrientations_iPhone = "UIInterfaceOrientationPortrait UIInterfaceOrientationLandscapeLeft UIInterfaceOrientationLandscapeRight";
				LD_RUNPATH_SEARCH_PATHS = (
					"$(inherited)",
					"@executable_path/Frameworks",
				);
				MARKETING_VERSION = 1.0;
				PRODUCT_BUNDLE_IDENTIFIER = com.jazzhallabong.SwiftTorrent;
				PRODUCT_NAME = "$(TARGET_NAME)";
				SWIFT_EMIT_LOC_STRINGS = YES;
				SWIFT_VERSION = 5.0;
				TARGETED_DEVICE_FAMILY = "1,2";
			};
			name = Release;
		};
/* End XCBuildConfiguration section */

/* Begin XCConfigurationList section */
		F2B954BA27FDCEBC00173D7C /* Build configuration list for PBXProject "SwiftTorrent" */ = {
			isa = XCConfigurationList;
			buildConfigurations = (
				F2B954CB27FDCEBD00173D7C /* Debug */,
				F2B954CC27FDCEBD00173D7C /* Release */,
			);
			defaultConfigurationIsVisible = 0;
			defaultConfigurationName = Release;
		};
		F2B954CD27FDCEBD00173D7C /* Build configuration list for PBXNativeTarget "SwiftTorrent" */ = {
			isa = XCConfigurationList;
			buildConfigurations = (
				F2B954CE27FDCEBD00173D7C /* Debug */,
				F2B954CF27FDCEBD00173D7C /* Release */,
			);
			defaultConfigurationIsVisible = 0;
			defaultConfigurationName = Release;
		};
/* End XCConfigurationList section */
	};
	rootObject = F2B954B727FDCEBC00173D7C /* Project object */;
}
